<?xml version="1.0" encoding="utf-8"?>
<Project ToolsVersion="17.0" xmlns="http://schemas.microsoft.com/developer/msbuild/2003">
  <ItemGroup>
    <CustomBuild Include="C:\Users\20131\Desktop\BickRenderer\CMakeFiles\e464e39780e00b96c1d2e48b528bdeea\INSTALL_force.rule">
      <Filter>CMake Rules</Filter>
    </CustomBuild>
  </ItemGroup>
  <ItemGroup>
    <Filter Include="CMake Rules">
      <UniqueIdentifier>{711C995B-A371-3D5A-BA8B-4D668D8FCB70}</UniqueIdentifier>
    </Filter>
  </ItemGroup>
</Project>
